// !$*UTF8*$!
{
	archiveVersion = 1;
	classes = {
	};
	objectVersion = 46;
	objects = {

/* Begin PBXBuildFile section */
		7D02F9511F57FF570073813A /* ImageCreatorVC.swift in Sources */ = {isa = PBXBuildFile; fileRef = 7D02F9501F57FF570073813A /* ImageCreatorVC.swift */; };
		7D02F9551F5834770073813A /* PostsService.swift in Sources */ = {isa = PBXBuildFile; fileRef = 7D02F9541F5834770073813A /* PostsService.swift */; };
		7D04B7411F5ECB0600B97240 /* TagsVC.swift in Sources */ = {isa = PBXBuildFile; fileRef = 7D04B7401F5ECB0600B97240 /* TagsVC.swift */; };
		7D3C17431F5959F000C9FE8C /* ImageUploader.swift in Sources */ = {isa = PBXBuildFile; fileRef = 7D3C17421F5959F000C9FE8C /* ImageUploader.swift */; };
		7D3C17451F59886500C9FE8C /* ImageDownloader.swift in Sources */ = {isa = PBXBuildFile; fileRef = 7D3C17441F59886500C9FE8C /* ImageDownloader.swift */; };
		7D460B931F56DD9200B4E07B /* ImageCollectionVC.swift in Sources */ = {isa = PBXBuildFile; fileRef = 7D460B921F56DD9200B4E07B /* ImageCollectionVC.swift */; };
		7D460B971F56DDE100B4E07B /* ImageCollectionViewCell.swift in Sources */ = {isa = PBXBuildFile; fileRef = 7D460B961F56DDE100B4E07B /* ImageCollectionViewCell.swift */; };
		7D6539A71F2162F700DA3A15 /* AppDelegate.swift in Sources */ = {isa = PBXBuildFile; fileRef = 7D6539A61F2162F700DA3A15 /* AppDelegate.swift */; };
		7D6539AC1F2162F700DA3A15 /* Main.storyboard in Resources */ = {isa = PBXBuildFile; fileRef = 7D6539AA1F2162F700DA3A15 /* Main.storyboard */; };
		7D6539AF1F2162F700DA3A15 /* ImageEditor.xcdatamodeld in Sources */ = {isa = PBXBuildFile; fileRef = 7D6539AD1F2162F700DA3A15 /* ImageEditor.xcdatamodeld */; };
		7D6539B11F2162F700DA3A15 /* Assets.xcassets in Resources */ = {isa = PBXBuildFile; fileRef = 7D6539B01F2162F700DA3A15 /* Assets.xcassets */; };
		7D6539B41F2162F700DA3A15 /* LaunchScreen.storyboard in Resources */ = {isa = PBXBuildFile; fileRef = 7D6539B21F2162F700DA3A15 /* LaunchScreen.storyboard */; };
		7DAFD4641F27895A009944F9 /* DraggableView.swift in Sources */ = {isa = PBXBuildFile; fileRef = 7DAFD4631F27895A009944F9 /* DraggableView.swift */; };
		7DAFD4751F27CA7C009944F9 /* GalleryVC.swift in Sources */ = {isa = PBXBuildFile; fileRef = 7DAFD4741F27CA7C009944F9 /* GalleryVC.swift */; };
		7DAFD4791F27E534009944F9 /* GalleryCollectionViewCell.swift in Sources */ = {isa = PBXBuildFile; fileRef = 7DAFD4781F27E534009944F9 /* GalleryCollectionViewCell.swift */; };
		7DE212161F3CD8B100D9182A /* ImageListVC.swift in Sources */ = {isa = PBXBuildFile; fileRef = 7DE212151F3CD8B100D9182A /* ImageListVC.swift */; };
		7DE2121A1F3CD94600D9182A /* ImageTableViewCell.swift in Sources */ = {isa = PBXBuildFile; fileRef = 7DE212191F3CD94600D9182A /* ImageTableViewCell.swift */; };
		7DE2121F1F3CDA2400D9182A /* ImageModel.swift in Sources */ = {isa = PBXBuildFile; fileRef = 7DE2121E1F3CDA2400D9182A /* ImageModel.swift */; };
		7DEEDEF21F311D0B00D40612 /* TestablePanGestureRecognizer.swift in Sources */ = {isa = PBXBuildFile; fileRef = 7DEEDEF11F311D0B00D40612 /* TestablePanGestureRecognizer.swift */; };
		9C2812E4E0DEC8F76D9E9EEB /* Pods_ImageEditor.framework in Frameworks */ = {isa = PBXBuildFile; fileRef = E15248DA55CE90465CC16E9D /* Pods_ImageEditor.framework */; };
/* End PBXBuildFile section */

/* Begin PBXFileReference section */
		49E5D532391F271117625740 /* Pods-ImageEditorUITests.debug.xcconfig */ = {isa = PBXFileReference; includeInIndex = 1; lastKnownFileType = text.xcconfig; name = "Pods-ImageEditorUITests.debug.xcconfig"; path = "Pods/Target Support Files/Pods-ImageEditorUITests/Pods-ImageEditorUITests.debug.xcconfig"; sourceTree = "<group>"; };
		4CEAA357E89F9A1041AFFC5F /* Pods_ImageEditorUITests.framework */ = {isa = PBXFileReference; explicitFileType = wrapper.framework; includeInIndex = 0; path = Pods_ImageEditorUITests.framework; sourceTree = BUILT_PRODUCTS_DIR; };
		6D8D7A9B765D7F4E9AEB8C7C /* Pods_ImageEditorTests.framework */ = {isa = PBXFileReference; explicitFileType = wrapper.framework; includeInIndex = 0; path = Pods_ImageEditorTests.framework; sourceTree = BUILT_PRODUCTS_DIR; };
		6EA5EE38A717372B3C84FAF5 /* Pods-ImageEditorTests.release.xcconfig */ = {isa = PBXFileReference; includeInIndex = 1; lastKnownFileType = text.xcconfig; name = "Pods-ImageEditorTests.release.xcconfig"; path = "Pods/Target Support Files/Pods-ImageEditorTests/Pods-ImageEditorTests.release.xcconfig"; sourceTree = "<group>"; };
		75A59E2468904FDA9A1A5884 /* Pods-ImageEditor.debug.xcconfig */ = {isa = PBXFileReference; includeInIndex = 1; lastKnownFileType = text.xcconfig; name = "Pods-ImageEditor.debug.xcconfig"; path = "Pods/Target Support Files/Pods-ImageEditor/Pods-ImageEditor.debug.xcconfig"; sourceTree = "<group>"; };
		7D02F9501F57FF570073813A /* ImageCreatorVC.swift */ = {isa = PBXFileReference; fileEncoding = 4; lastKnownFileType = sourcecode.swift; path = ImageCreatorVC.swift; sourceTree = "<group>"; };
		7D02F9541F5834770073813A /* PostsService.swift */ = {isa = PBXFileReference; fileEncoding = 4; lastKnownFileType = sourcecode.swift; name = PostsService.swift; path = Services/PostsService.swift; sourceTree = "<group>"; };
		7D04B7401F5ECB0600B97240 /* TagsVC.swift */ = {isa = PBXFileReference; fileEncoding = 4; lastKnownFileType = sourcecode.swift; path = TagsVC.swift; sourceTree = "<group>"; };
		7D3C17421F5959F000C9FE8C /* ImageUploader.swift */ = {isa = PBXFileReference; fileEncoding = 4; lastKnownFileType = sourcecode.swift; name = ImageUploader.swift; path = Services/ImageUploader.swift; sourceTree = "<group>"; };
		7D3C17441F59886500C9FE8C /* ImageDownloader.swift */ = {isa = PBXFileReference; fileEncoding = 4; lastKnownFileType = sourcecode.swift; name = ImageDownloader.swift; path = Services/ImageDownloader.swift; sourceTree = "<group>"; };
		7D460B921F56DD9200B4E07B /* ImageCollectionVC.swift */ = {isa = PBXFileReference; fileEncoding = 4; lastKnownFileType = sourcecode.swift; path = ImageCollectionVC.swift; sourceTree = "<group>"; };
		7D460B961F56DDE100B4E07B /* ImageCollectionViewCell.swift */ = {isa = PBXFileReference; fileEncoding = 4; lastKnownFileType = sourcecode.swift; name = ImageCollectionViewCell.swift; path = Views/Cells/ImageCollectionViewCell.swift; sourceTree = "<group>"; };
		7D6539A31F2162F700DA3A15 /* ImageEditor.app */ = {isa = PBXFileReference; explicitFileType = wrapper.application; includeInIndex = 0; path = ImageEditor.app; sourceTree = BUILT_PRODUCTS_DIR; };
		7D6539A61F2162F700DA3A15 /* AppDelegate.swift */ = {isa = PBXFileReference; lastKnownFileType = sourcecode.swift; path = AppDelegate.swift; sourceTree = "<group>"; };
		7D6539AB1F2162F700DA3A15 /* Base */ = {isa = PBXFileReference; lastKnownFileType = file.storyboard; name = Base; path = Base.lproj/Main.storyboard; sourceTree = "<group>"; };
		7D6539AE1F2162F700DA3A15 /* ImageEditor.xcdatamodel */ = {isa = PBXFileReference; lastKnownFileType = wrapper.xcdatamodel; path = ImageEditor.xcdatamodel; sourceTree = "<group>"; };
		7D6539B01F2162F700DA3A15 /* Assets.xcassets */ = {isa = PBXFileReference; lastKnownFileType = folder.assetcatalog; path = Assets.xcassets; sourceTree = "<group>"; };
		7D6539B31F2162F700DA3A15 /* Base */ = {isa = PBXFileReference; lastKnownFileType = file.storyboard; name = Base; path = Base.lproj/LaunchScreen.storyboard; sourceTree = "<group>"; };
		7D6539B51F2162F700DA3A15 /* Info.plist */ = {isa = PBXFileReference; lastKnownFileType = text.plist.xml; path = Info.plist; sourceTree = "<group>"; };
		7D6539BE1F2162F700DA3A15 /* ImageEditorTests.swift */ = {isa = PBXFileReference; lastKnownFileType = sourcecode.swift; path = ImageEditorTests.swift; sourceTree = "<group>"; };
		7D6539C01F2162F700DA3A15 /* Info.plist */ = {isa = PBXFileReference; lastKnownFileType = text.plist.xml; path = Info.plist; sourceTree = "<group>"; };
		7D6539C91F2162F700DA3A15 /* ImageEditorUITests.swift */ = {isa = PBXFileReference; lastKnownFileType = sourcecode.swift; path = ImageEditorUITests.swift; sourceTree = "<group>"; };
		7D6539CB1F2162F700DA3A15 /* Info.plist */ = {isa = PBXFileReference; lastKnownFileType = text.plist.xml; path = Info.plist; sourceTree = "<group>"; };
		7DAFD4631F27895A009944F9 /* DraggableView.swift */ = {isa = PBXFileReference; fileEncoding = 4; lastKnownFileType = sourcecode.swift; name = DraggableView.swift; path = Views/DraggableView.swift; sourceTree = "<group>"; };
		7DAFD4741F27CA7C009944F9 /* GalleryVC.swift */ = {isa = PBXFileReference; fileEncoding = 4; lastKnownFileType = sourcecode.swift; path = GalleryVC.swift; sourceTree = "<group>"; };
		7DAFD4781F27E534009944F9 /* GalleryCollectionViewCell.swift */ = {isa = PBXFileReference; fileEncoding = 4; lastKnownFileType = sourcecode.swift; name = GalleryCollectionViewCell.swift; path = Views/Cells/GalleryCollectionViewCell.swift; sourceTree = "<group>"; };
		7DE212151F3CD8B100D9182A /* ImageListVC.swift */ = {isa = PBXFileReference; fileEncoding = 4; lastKnownFileType = sourcecode.swift; path = ImageListVC.swift; sourceTree = "<group>"; };
		7DE212191F3CD94600D9182A /* ImageTableViewCell.swift */ = {isa = PBXFileReference; fileEncoding = 4; lastKnownFileType = sourcecode.swift; name = ImageTableViewCell.swift; path = Views/Cells/ImageTableViewCell.swift; sourceTree = "<group>"; };
		7DE2121E1F3CDA2400D9182A /* ImageModel.swift */ = {isa = PBXFileReference; fileEncoding = 4; lastKnownFileType = sourcecode.swift; name = ImageModel.swift; path = Models/ImageModel.swift; sourceTree = "<group>"; };
		7DEEDEF11F311D0B00D40612 /* TestablePanGestureRecognizer.swift */ = {isa = PBXFileReference; fileEncoding = 4; lastKnownFileType = sourcecode.swift; path = TestablePanGestureRecognizer.swift; sourceTree = "<group>"; };
		95C0E1454683DC8FF1435314 /* Pods-ImageEditorTests.debug.xcconfig */ = {isa = PBXFileReference; includeInIndex = 1; lastKnownFileType = text.xcconfig; name = "Pods-ImageEditorTests.debug.xcconfig"; path = "Pods/Target Support Files/Pods-ImageEditorTests/Pods-ImageEditorTests.debug.xcconfig"; sourceTree = "<group>"; };
		CA011FD77BD70528CD1BD3C9 /* Pods-ImageEditor.release.xcconfig */ = {isa = PBXFileReference; includeInIndex = 1; lastKnownFileType = text.xcconfig; name = "Pods-ImageEditor.release.xcconfig"; path = "Pods/Target Support Files/Pods-ImageEditor/Pods-ImageEditor.release.xcconfig"; sourceTree = "<group>"; };
		D560C893A78147722DF2792F /* Pods-ImageEditorUITests.release.xcconfig */ = {isa = PBXFileReference; includeInIndex = 1; lastKnownFileType = text.xcconfig; name = "Pods-ImageEditorUITests.release.xcconfig"; path = "Pods/Target Support Files/Pods-ImageEditorUITests/Pods-ImageEditorUITests.release.xcconfig"; sourceTree = "<group>"; };
		E15248DA55CE90465CC16E9D /* Pods_ImageEditor.framework */ = {isa = PBXFileReference; explicitFileType = wrapper.framework; includeInIndex = 0; path = Pods_ImageEditor.framework; sourceTree = BUILT_PRODUCTS_DIR; };
/* End PBXFileReference section */

/* Begin PBXFrameworksBuildPhase section */
		7D6539A01F2162F700DA3A15 /* Frameworks */ = {
			isa = PBXFrameworksBuildPhase;
			buildActionMask = 2147483647;
			files = (
				9C2812E4E0DEC8F76D9E9EEB /* Pods_ImageEditor.framework in Frameworks */,
			);
			runOnlyForDeploymentPostprocessing = 0;
		};
/* End PBXFrameworksBuildPhase section */

/* Begin PBXGroup section */
		07EA1FEB9F68ADBE9AB0FD16 /* Pods */ = {
			isa = PBXGroup;
			children = (
				75A59E2468904FDA9A1A5884 /* Pods-ImageEditor.debug.xcconfig */,
				CA011FD77BD70528CD1BD3C9 /* Pods-ImageEditor.release.xcconfig */,
				95C0E1454683DC8FF1435314 /* Pods-ImageEditorTests.debug.xcconfig */,
				6EA5EE38A717372B3C84FAF5 /* Pods-ImageEditorTests.release.xcconfig */,
				49E5D532391F271117625740 /* Pods-ImageEditorUITests.debug.xcconfig */,
				D560C893A78147722DF2792F /* Pods-ImageEditorUITests.release.xcconfig */,
			);
			name = Pods;
			sourceTree = "<group>";
		};
		66094A9A010A48FB795CFD1A /* Frameworks */ = {
			isa = PBXGroup;
			children = (
				E15248DA55CE90465CC16E9D /* Pods_ImageEditor.framework */,
				6D8D7A9B765D7F4E9AEB8C7C /* Pods_ImageEditorTests.framework */,
				4CEAA357E89F9A1041AFFC5F /* Pods_ImageEditorUITests.framework */,
			);
			name = Frameworks;
			sourceTree = "<group>";
		};
		7D02F9581F5834800073813A /* Services */ = {
			isa = PBXGroup;
			children = (
				7D02F9541F5834770073813A /* PostsService.swift */,
			);
			name = Services;
			sourceTree = "<group>";
		};
		7D04B73F1F5EB42700B97240 /* Core */ = {
			isa = PBXGroup;
			children = (
				7D3C17421F5959F000C9FE8C /* ImageUploader.swift */,
				7D3C17441F59886500C9FE8C /* ImageDownloader.swift */,
			);
			name = Core;
			sourceTree = "<group>";
		};
		7D65399A1F2162F700DA3A15 = {
			isa = PBXGroup;
			children = (
				7D6539A51F2162F700DA3A15 /* ImageEditor */,
				7D6539BD1F2162F700DA3A15 /* ImageEditorTests */,
				7D6539C81F2162F700DA3A15 /* ImageEditorUITests */,
				7D6539A41F2162F700DA3A15 /* Products */,
				07EA1FEB9F68ADBE9AB0FD16 /* Pods */,
				66094A9A010A48FB795CFD1A /* Frameworks */,
			);
			sourceTree = "<group>";
		};
		7D6539A41F2162F700DA3A15 /* Products */ = {
			isa = PBXGroup;
			children = (
				7D6539A31F2162F700DA3A15 /* ImageEditor.app */,
			);
			name = Products;
			sourceTree = "<group>";
		};
		7D6539A51F2162F700DA3A15 /* ImageEditor */ = {
			isa = PBXGroup;
			children = (
				7D04B73F1F5EB42700B97240 /* Core */,
				7D02F9581F5834800073813A /* Services */,
				7DE212221F3CDA2F00D9182A /* Models */,
				7DAFD46F1F2789B0009944F9 /* Controllers */,
				7DAFD4611F2788F6009944F9 /* Views */,
				7D6539A61F2162F700DA3A15 /* AppDelegate.swift */,
				7D6539AA1F2162F700DA3A15 /* Main.storyboard */,
				7D6539B01F2162F700DA3A15 /* Assets.xcassets */,
				7D6539B21F2162F700DA3A15 /* LaunchScreen.storyboard */,
				7D6539B51F2162F700DA3A15 /* Info.plist */,
				7D6539AD1F2162F700DA3A15 /* ImageEditor.xcdatamodeld */,
				7DEEDEF11F311D0B00D40612 /* TestablePanGestureRecognizer.swift */,
			);
			path = ImageEditor;
			sourceTree = "<group>";
		};
		7D6539BD1F2162F700DA3A15 /* ImageEditorTests */ = {
			isa = PBXGroup;
			children = (
				7D6539BE1F2162F700DA3A15 /* ImageEditorTests.swift */,
				7D6539C01F2162F700DA3A15 /* Info.plist */,
			);
			path = ImageEditorTests;
			sourceTree = "<group>";
		};
		7D6539C81F2162F700DA3A15 /* ImageEditorUITests */ = {
			isa = PBXGroup;
			children = (
				7D6539C91F2162F700DA3A15 /* ImageEditorUITests.swift */,
				7D6539CB1F2162F700DA3A15 /* Info.plist */,
			);
			path = ImageEditorUITests;
			sourceTree = "<group>";
		};
		7DAFD4611F2788F6009944F9 /* Views */ = {
			isa = PBXGroup;
			children = (
				7DAFD4631F27895A009944F9 /* DraggableView.swift */,
				7DE2121D1F3CD9ED00D9182A /* Cells */,
			);
			name = Views;
			sourceTree = "<group>";
		};
		7DAFD46F1F2789B0009944F9 /* Controllers */ = {
			isa = PBXGroup;
			children = (
				7DAFD4741F27CA7C009944F9 /* GalleryVC.swift */,
				7DE212151F3CD8B100D9182A /* ImageListVC.swift */,
				7D460B921F56DD9200B4E07B /* ImageCollectionVC.swift */,
				7D02F9501F57FF570073813A /* ImageCreatorVC.swift */,
				7D04B7401F5ECB0600B97240 /* TagsVC.swift */,
			);
			path = Controllers;
			sourceTree = "<group>";
		};
		7DE2121D1F3CD9ED00D9182A /* Cells */ = {
			isa = PBXGroup;
			children = (
				7DAFD4781F27E534009944F9 /* GalleryCollectionViewCell.swift */,
				7DE212191F3CD94600D9182A /* ImageTableViewCell.swift */,
				7D460B961F56DDE100B4E07B /* ImageCollectionViewCell.swift */,
			);
			name = Cells;
			sourceTree = "<group>";
		};
		7DE212221F3CDA2F00D9182A /* Models */ = {
			isa = PBXGroup;
			children = (
				7DE2121E1F3CDA2400D9182A /* ImageModel.swift */,
			);
			name = Models;
			sourceTree = "<group>";
		};
/* End PBXGroup section */

/* Begin PBXNativeTarget section */
		7D6539A21F2162F700DA3A15 /* ImageEditor */ = {
			isa = PBXNativeTarget;
			buildConfigurationList = 7D6539CE1F2162F700DA3A15 /* Build configuration list for PBXNativeTarget "ImageEditor" */;
			buildPhases = (
				1083FA1B1606E080FCDF9C96 /* [CP] Check Pods Manifest.lock */,
				7D65399F1F2162F700DA3A15 /* Sources */,
				7D6539A01F2162F700DA3A15 /* Frameworks */,
				7D6539A11F2162F700DA3A15 /* Resources */,
				DDBF10EFD412E7AF8F8D2317 /* [CP] Embed Pods Frameworks */,
				28662AD1165C2A609CC69811 /* [CP] Copy Pods Resources */,
			);
			buildRules = (
			);
			dependencies = (
			);
			name = ImageEditor;
			productName = ImageEditor;
			productReference = 7D6539A31F2162F700DA3A15 /* ImageEditor.app */;
			productType = "com.apple.product-type.application";
		};
/* End PBXNativeTarget section */

/* Begin PBXProject section */
		7D65399B1F2162F700DA3A15 /* Project object */ = {
			isa = PBXProject;
			attributes = {
				LastSwiftUpdateCheck = 0830;
				LastUpgradeCheck = 0830;
				ORGANIZATIONNAME = "Sergiy Sobol";
				TargetAttributes = {
					7D6539A21F2162F700DA3A15 = {
						CreatedOnToolsVersion = 8.3.3;
						DevelopmentTeam = 7KCRS9E6BC;
						ProvisioningStyle = Automatic;
					};
				};
			};
			buildConfigurationList = 7D65399E1F2162F700DA3A15 /* Build configuration list for PBXProject "ImageEditor" */;
			compatibilityVersion = "Xcode 3.2";
			developmentRegion = English;
			hasScannedForEncodings = 0;
			knownRegions = (
				en,
				Base,
			);
			mainGroup = 7D65399A1F2162F700DA3A15;
			productRefGroup = 7D6539A41F2162F700DA3A15 /* Products */;
			projectDirPath = "";
			projectRoot = "";
			targets = (
				7D6539A21F2162F700DA3A15 /* ImageEditor */,
			);
		};
/* End PBXProject section */

/* Begin PBXResourcesBuildPhase section */
		7D6539A11F2162F700DA3A15 /* Resources */ = {
			isa = PBXResourcesBuildPhase;
			buildActionMask = 2147483647;
			files = (
				7D6539B41F2162F700DA3A15 /* LaunchScreen.storyboard in Resources */,
				7D6539B11F2162F700DA3A15 /* Assets.xcassets in Resources */,
				7D6539AC1F2162F700DA3A15 /* Main.storyboard in Resources */,
			);
			runOnlyForDeploymentPostprocessing = 0;
		};
/* End PBXResourcesBuildPhase section */

/* Begin PBXShellScriptBuildPhase section */
		1083FA1B1606E080FCDF9C96 /* [CP] Check Pods Manifest.lock */ = {
			isa = PBXShellScriptBuildPhase;
			buildActionMask = 2147483647;
			files = (
			);
			inputPaths = (
			);
			name = "[CP] Check Pods Manifest.lock";
			outputPaths = (
			);
			runOnlyForDeploymentPostprocessing = 0;
			shellPath = /bin/sh;
			shellScript = "diff \"${PODS_PODFILE_DIR_PATH}/Podfile.lock\" \"${PODS_ROOT}/Manifest.lock\" > /dev/null\nif [ $? != 0 ] ; then\n    # print error to STDERR\n    echo \"error: The sandbox is not in sync with the Podfile.lock. Run 'pod install' or update your CocoaPods installation.\" >&2\n    exit 1\nfi\n";
			showEnvVarsInLog = 0;
		};
		28662AD1165C2A609CC69811 /* [CP] Copy Pods Resources */ = {
			isa = PBXShellScriptBuildPhase;
			buildActionMask = 2147483647;
			files = (
			);
			inputPaths = (
			);
			name = "[CP] Copy Pods Resources";
			outputPaths = (
			);
			runOnlyForDeploymentPostprocessing = 0;
			shellPath = /bin/sh;
			shellScript = "\"${SRCROOT}/Pods/Target Support Files/Pods-ImageEditor/Pods-ImageEditor-resources.sh\"\n";
			showEnvVarsInLog = 0;
		};
		DDBF10EFD412E7AF8F8D2317 /* [CP] Embed Pods Frameworks */ = {
			isa = PBXShellScriptBuildPhase;
			buildActionMask = 2147483647;
			files = (
			);
			inputPaths = (
			);
			name = "[CP] Embed Pods Frameworks";
			outputPaths = (
			);
			runOnlyForDeploymentPostprocessing = 0;
			shellPath = /bin/sh;
			shellScript = "\"${SRCROOT}/Pods/Target Support Files/Pods-ImageEditor/Pods-ImageEditor-frameworks.sh\"\n";
			showEnvVarsInLog = 0;
		};
/* End PBXShellScriptBuildPhase section */

/* Begin PBXSourcesBuildPhase section */
		7D65399F1F2162F700DA3A15 /* Sources */ = {
			isa = PBXSourcesBuildPhase;
			buildActionMask = 2147483647;
			files = (
				7DEEDEF21F311D0B00D40612 /* TestablePanGestureRecognizer.swift in Sources */,
				7D3C17451F59886500C9FE8C /* ImageDownloader.swift in Sources */,
				7DE2121F1F3CDA2400D9182A /* ImageModel.swift in Sources */,
				7D3C17431F5959F000C9FE8C /* ImageUploader.swift in Sources */,
				7D6539AF1F2162F700DA3A15 /* ImageEditor.xcdatamodeld in Sources */,
				7DAFD4791F27E534009944F9 /* GalleryCollectionViewCell.swift in Sources */,
				7DE2121A1F3CD94600D9182A /* ImageTableViewCell.swift in Sources */,
				7D460B931F56DD9200B4E07B /* ImageCollectionVC.swift in Sources */,
				7D460B971F56DDE100B4E07B /* ImageCollectionViewCell.swift in Sources */,
				7DAFD4751F27CA7C009944F9 /* GalleryVC.swift in Sources */,
				7DE212161F3CD8B100D9182A /* ImageListVC.swift in Sources */,
				7D02F9551F5834770073813A /* PostsService.swift in Sources */,
				7DAFD4641F27895A009944F9 /* DraggableView.swift in Sources */,
				7D6539A71F2162F700DA3A15 /* AppDelegate.swift in Sources */,
				7D02F9511F57FF570073813A /* ImageCreatorVC.swift in Sources */,
				7D04B7411F5ECB0600B97240 /* TagsVC.swift in Sources */,
			);
			runOnlyForDeploymentPostprocessing = 0;
		};
/* End PBXSourcesBuildPhase section */

/* Begin PBXVariantGroup section */
		7D6539AA1F2162F700DA3A15 /* Main.storyboard */ = {
			isa = PBXVariantGroup;
			children = (
				7D6539AB1F2162F700DA3A15 /* Base */,
			);
			name = Main.storyboard;
			sourceTree = "<group>";
		};
		7D6539B21F2162F700DA3A15 /* LaunchScreen.storyboard */ = {
			isa = PBXVariantGroup;
			children = (
				7D6539B31F2162F700DA3A15 /* Base */,
			);
			name = LaunchScreen.storyboard;
			sourceTree = "<group>";
		};
/* End PBXVariantGroup section */

/* Begin XCBuildConfiguration section */
		7D6539CC1F2162F700DA3A15 /* Debug */ = {
			isa = XCBuildConfiguration;
			buildSettings = {
				ALWAYS_SEARCH_USER_PATHS = NO;
				CLANG_ANALYZER_NONNULL = YES;
				CLANG_ANALYZER_NUMBER_OBJECT_CONVERSION = YES_AGGRESSIVE;
				CLANG_CXX_LANGUAGE_STANDARD = "gnu++0x";
				CLANG_CXX_LIBRARY = "libc++";
				CLANG_ENABLE_MODULES = YES;
				CLANG_ENABLE_OBJC_ARC = YES;
				CLANG_WARN_BOOL_CONVERSION = YES;
				CLANG_WARN_CONSTANT_CONVERSION = YES;
				CLANG_WARN_DIRECT_OBJC_ISA_USAGE = YES_ERROR;
				CLANG_WARN_DOCUMENTATION_COMMENTS = YES;
				CLANG_WARN_EMPTY_BODY = YES;
				CLANG_WARN_ENUM_CONVERSION = YES;
				CLANG_WARN_INFINITE_RECURSION = YES;
				CLANG_WARN_INT_CONVERSION = YES;
				CLANG_WARN_OBJC_ROOT_CLASS = YES_ERROR;
				CLANG_WARN_SUSPICIOUS_MOVE = YES;
				CLANG_WARN_UNREACHABLE_CODE = YES;
				CLANG_WARN__DUPLICATE_METHOD_MATCH = YES;
				"CODE_SIGN_IDENTITY[sdk=iphoneos*]" = "iPhone Developer";
				COPY_PHASE_STRIP = NO;
				DEBUG_INFORMATION_FORMAT = dwarf;
				ENABLE_STRICT_OBJC_MSGSEND = YES;
				ENABLE_TESTABILITY = YES;
				GCC_C_LANGUAGE_STANDARD = gnu99;
				GCC_DYNAMIC_NO_PIC = NO;
				GCC_NO_COMMON_BLOCKS = YES;
				GCC_OPTIMIZATION_LEVEL = 0;
				GCC_PREPROCESSOR_DEFINITIONS = (
					"DEBUG=1",
					"$(inherited)",
				);
				GCC_WARN_64_TO_32_BIT_CONVERSION = YES;
				GCC_WARN_ABOUT_RETURN_TYPE = YES_ERROR;
				GCC_WARN_UNDECLARED_SELECTOR = YES;
				GCC_WARN_UNINITIALIZED_AUTOS = YES_AGGRESSIVE;
				GCC_WARN_UNUSED_FUNCTION = YES;
				GCC_WARN_UNUSED_VARIABLE = YES;
				IPHONEOS_DEPLOYMENT_TARGET = 10.3;
				MTL_ENABLE_DEBUG_INFO = YES;
				ONLY_ACTIVE_ARCH = YES;
				SDKROOT = iphoneos;
				SWIFT_ACTIVE_COMPILATION_CONDITIONS = DEBUG;
				SWIFT_OPTIMIZATION_LEVEL = "-Onone";
				TARGETED_DEVICE_FAMILY = "1,2";
			};
			name = Debug;
		};
		7D6539CD1F2162F700DA3A15 /* Release */ = {
			isa = XCBuildConfiguration;
			buildSettings = {
				ALWAYS_SEARCH_USER_PATHS = NO;
				CLANG_ANALYZER_NONNULL = YES;
				CLANG_ANALYZER_NUMBER_OBJECT_CONVERSION = YES_AGGRESSIVE;
				CLANG_CXX_LANGUAGE_STANDARD = "gnu++0x";
				CLANG_CXX_LIBRARY = "libc++";
				CLANG_ENABLE_MODULES = YES;
				CLANG_ENABLE_OBJC_ARC = YES;
				CLANG_WARN_BOOL_CONVERSION = YES;
				CLANG_WARN_CONSTANT_CONVERSION = YES;
				CLANG_WARN_DIRECT_OBJC_ISA_USAGE = YES_ERROR;
				CLANG_WARN_DOCUMENTATION_COMMENTS = YES;
				CLANG_WARN_EMPTY_BODY = YES;
				CLANG_WARN_ENUM_CONVERSION = YES;
				CLANG_WARN_INFINITE_RECURSION = YES;
				CLANG_WARN_INT_CONVERSION = YES;
				CLANG_WARN_OBJC_ROOT_CLASS = YES_ERROR;
				CLANG_WARN_SUSPICIOUS_MOVE = YES;
				CLANG_WARN_UNREACHABLE_CODE = YES;
				CLANG_WARN__DUPLICATE_METHOD_MATCH = YES;
				"CODE_SIGN_IDENTITY[sdk=iphoneos*]" = "iPhone Developer";
				COPY_PHASE_STRIP = NO;
				DEBUG_INFORMATION_FORMAT = "dwarf-with-dsym";
				ENABLE_NS_ASSERTIONS = NO;
				ENABLE_STRICT_OBJC_MSGSEND = YES;
				GCC_C_LANGUAGE_STANDARD = gnu99;
				GCC_NO_COMMON_BLOCKS = YES;
				GCC_WARN_64_TO_32_BIT_CONVERSION = YES;
				GCC_WARN_ABOUT_RETURN_TYPE = YES_ERROR;
				GCC_WARN_UNDECLARED_SELECTOR = YES;
				GCC_WARN_UNINITIALIZED_AUTOS = YES_AGGRESSIVE;
				GCC_WARN_UNUSED_FUNCTION = YES;
				GCC_WARN_UNUSED_VARIABLE = YES;
				IPHONEOS_DEPLOYMENT_TARGET = 10.3;
				MTL_ENABLE_DEBUG_INFO = NO;
				SDKROOT = iphoneos;
				SWIFT_OPTIMIZATION_LEVEL = "-Owholemodule";
				TARGETED_DEVICE_FAMILY = "1,2";
				VALIDATE_PRODUCT = YES;
			};
			name = Release;
		};
		7D6539CF1F2162F700DA3A15 /* Debug */ = {
			isa = XCBuildConfiguration;
			baseConfigurationReference = 75A59E2468904FDA9A1A5884 /* Pods-ImageEditor.debug.xcconfig */;
			buildSettings = {
				ASSETCATALOG_COMPILER_APPICON_NAME = AppIcon;
				DEVELOPMENT_TEAM = 7KCRS9E6BC;
				INFOPLIST_FILE = ImageEditor/Info.plist;
				IPHONEOS_DEPLOYMENT_TARGET = 10.0;
				LD_RUNPATH_SEARCH_PATHS = "$(inherited) @executable_path/Frameworks";
				PRODUCT_BUNDLE_IDENTIFIER = Sobol.ImageEditor;
				PRODUCT_NAME = "$(TARGET_NAME)";
				SWIFT_VERSION = 3.0;
			};
			name = Debug;
		};
		7D6539D01F2162F700DA3A15 /* Release */ = {
			isa = XCBuildConfiguration;
			baseConfigurationReference = CA011FD77BD70528CD1BD3C9 /* Pods-ImageEditor.release.xcconfig */;
			buildSettings = {
				ASSETCATALOG_COMPILER_APPICON_NAME = AppIcon;
				DEVELOPMENT_TEAM = 7KCRS9E6BC;
				INFOPLIST_FILE = ImageEditor/Info.plist;
				IPHONEOS_DEPLOYMENT_TARGET = 10.0;
				LD_RUNPATH_SEARCH_PATHS = "$(inherited) @executable_path/Frameworks";
				PRODUCT_BUNDLE_IDENTIFIER = Sobol.ImageEditor;
				PRODUCT_NAME = "$(TARGET_NAME)";
				SWIFT_VERSION = 3.0;
			};
			name = Release;
		};
/* End XCBuildConfiguration section */

/* Begin XCConfigurationList section */
		7D65399E1F2162F700DA3A15 /* Build configuration list for PBXProject "ImageEditor" */ = {
			isa = XCConfigurationList;
			buildConfigurations = (
				7D6539CC1F2162F700DA3A15 /* Debug */,
				7D6539CD1F2162F700DA3A15 /* Release */,
			);
			defaultConfigurationIsVisible = 0;
			defaultConfigurationName = Release;
		};
		7D6539CE1F2162F700DA3A15 /* Build configuration list for PBXNativeTarget "ImageEditor" */ = {
			isa = XCConfigurationList;
			buildConfigurations = (
				7D6539CF1F2162F700DA3A15 /* Debug */,
				7D6539D01F2162F700DA3A15 /* Release */,
			);
			defaultConfigurationIsVisible = 0;
			defaultConfigurationName = Release;
		};
/* End XCConfigurationList section */

/* Begin XCVersionGroup section */
		7D6539AD1F2162F700DA3A15 /* ImageEditor.xcdatamodeld */ = {
			isa = XCVersionGroup;
			children = (
				7D6539AE1F2162F700DA3A15 /* ImageEditor.xcdatamodel */,
			);
			currentVersion = 7D6539AE1F2162F700DA3A15 /* ImageEditor.xcdatamodel */;
			path = ImageEditor.xcdatamodeld;
			sourceTree = "<group>";
			versionGroupType = wrapper.xcdatamodel;
		};
/* End XCVersionGroup section */
	};
	rootObject = 7D65399B1F2162F700DA3A15 /* Project object */;
}
