// !$*UTF8*$!
{
	archiveVersion = 1;
	classes = {
	};
	objectVersion = 48;
	objects = {

/* Begin PBXBuildFile section */
		7D01ABD11F1AA5F2005B025A /* SSFilter.swift in Sources */ = {isa = PBXBuildFile; fileRef = 7D01ABD01F1AA5F2005B025A /* SSFilter.swift */; };
		7D01ABD21F1AA5F2005B025A /* SSFilter.swift in Sources */ = {isa = PBXBuildFile; fileRef = 7D01ABD01F1AA5F2005B025A /* SSFilter.swift */; };
		7D01ABD31F1AA5F2005B025A /* SSFilter.swift in Sources */ = {isa = PBXBuildFile; fileRef = 7D01ABD01F1AA5F2005B025A /* SSFilter.swift */; };
		7D01ABD51F1AA80A005B025A /* SSBoxBlurFilter.swift in Sources */ = {isa = PBXBuildFile; fileRef = 7D01ABD41F1AA80A005B025A /* SSBoxBlurFilter.swift */; };
		7D01ABD61F1AA80A005B025A /* SSBoxBlurFilter.swift in Sources */ = {isa = PBXBuildFile; fileRef = 7D01ABD41F1AA80A005B025A /* SSBoxBlurFilter.swift */; };
		7D01ABD71F1AA80A005B025A /* SSBoxBlurFilter.swift in Sources */ = {isa = PBXBuildFile; fileRef = 7D01ABD41F1AA80A005B025A /* SSBoxBlurFilter.swift */; };
		7D01ABD91F1AB0AB005B025A /* SSDiscBlurFilter.swift in Sources */ = {isa = PBXBuildFile; fileRef = 7D01ABD81F1AAFF7005B025A /* SSDiscBlurFilter.swift */; };
		7D01ABDA1F1AB0AC005B025A /* SSDiscBlurFilter.swift in Sources */ = {isa = PBXBuildFile; fileRef = 7D01ABD81F1AAFF7005B025A /* SSDiscBlurFilter.swift */; };
		7D01ABDB1F1AB0AD005B025A /* SSDiscBlurFilter.swift in Sources */ = {isa = PBXBuildFile; fileRef = 7D01ABD81F1AAFF7005B025A /* SSDiscBlurFilter.swift */; };
		7DA02D941F1BD1570034A7CB /* SSColorClampFilter.swift in Sources */ = {isa = PBXBuildFile; fileRef = 7DA02D931F1BD0F90034A7CB /* SSColorClampFilter.swift */; };
		7DA02D951F1BD15A0034A7CB /* SSColorClampFilter.swift in Sources */ = {isa = PBXBuildFile; fileRef = 7DA02D931F1BD0F90034A7CB /* SSColorClampFilter.swift */; };
		7DA02D961F1BD15B0034A7CB /* SSColorClampFilter.swift in Sources */ = {isa = PBXBuildFile; fileRef = 7DA02D931F1BD0F90034A7CB /* SSColorClampFilter.swift */; };
		7DD82F761F16C259002DC00D /* AppDelegate.swift in Sources */ = {isa = PBXBuildFile; fileRef = 7DD82F751F16C259002DC00D /* AppDelegate.swift */; };
		7DD82F781F16C259002DC00D /* ImageEditorVC.swift in Sources */ = {isa = PBXBuildFile; fileRef = 7DD82F771F16C259002DC00D /* ImageEditorVC.swift */; };
		7DD82F7B1F16C259002DC00D /* Main.storyboard in Resources */ = {isa = PBXBuildFile; fileRef = 7DD82F791F16C259002DC00D /* Main.storyboard */; };
		7DD82F7E1F16C259002DC00D /* ImageEditor.xcdatamodeld in Sources */ = {isa = PBXBuildFile; fileRef = 7DD82F7C1F16C259002DC00D /* ImageEditor.xcdatamodeld */; };
		7DD82F801F16C259002DC00D /* Assets.xcassets in Resources */ = {isa = PBXBuildFile; fileRef = 7DD82F7F1F16C259002DC00D /* Assets.xcassets */; };
		7DD82F831F16C259002DC00D /* LaunchScreen.storyboard in Resources */ = {isa = PBXBuildFile; fileRef = 7DD82F811F16C259002DC00D /* LaunchScreen.storyboard */; };
		7DD82F8E1F16C259002DC00D /* ImageEditorTests.swift in Sources */ = {isa = PBXBuildFile; fileRef = 7DD82F8D1F16C259002DC00D /* ImageEditorTests.swift */; };
		7DD82F991F16C259002DC00D /* ImageEditorUITests.swift in Sources */ = {isa = PBXBuildFile; fileRef = 7DD82F981F16C259002DC00D /* ImageEditorUITests.swift */; };
/* End PBXBuildFile section */

/* Begin PBXContainerItemProxy section */
		7DD82F8A1F16C259002DC00D /* PBXContainerItemProxy */ = {
			isa = PBXContainerItemProxy;
			containerPortal = 7DD82F6A1F16C259002DC00D /* Project object */;
			proxyType = 1;
			remoteGlobalIDString = 7DD82F711F16C259002DC00D;
			remoteInfo = ImageEditor;
		};
		7DD82F951F16C259002DC00D /* PBXContainerItemProxy */ = {
			isa = PBXContainerItemProxy;
			containerPortal = 7DD82F6A1F16C259002DC00D /* Project object */;
			proxyType = 1;
			remoteGlobalIDString = 7DD82F711F16C259002DC00D;
			remoteInfo = ImageEditor;
		};
/* End PBXContainerItemProxy section */

/* Begin PBXFileReference section */
		7D01ABD01F1AA5F2005B025A /* SSFilter.swift */ = {isa = PBXFileReference; lastKnownFileType = sourcecode.swift; path = SSFilter.swift; sourceTree = "<group>"; };
		7D01ABD41F1AA80A005B025A /* SSBoxBlurFilter.swift */ = {isa = PBXFileReference; lastKnownFileType = sourcecode.swift; path = SSBoxBlurFilter.swift; sourceTree = "<group>"; };
		7D01ABD81F1AAFF7005B025A /* SSDiscBlurFilter.swift */ = {isa = PBXFileReference; lastKnownFileType = sourcecode.swift; path = SSDiscBlurFilter.swift; sourceTree = "<group>"; };
		7DA02D931F1BD0F90034A7CB /* SSColorClampFilter.swift */ = {isa = PBXFileReference; lastKnownFileType = sourcecode.swift; path = SSColorClampFilter.swift; sourceTree = "<group>"; };
		7DD82F721F16C259002DC00D /* ImageEditor.app */ = {isa = PBXFileReference; explicitFileType = wrapper.application; includeInIndex = 0; path = ImageEditor.app; sourceTree = BUILT_PRODUCTS_DIR; };
		7DD82F751F16C259002DC00D /* AppDelegate.swift */ = {isa = PBXFileReference; lastKnownFileType = sourcecode.swift; path = AppDelegate.swift; sourceTree = "<group>"; };
		7DD82F771F16C259002DC00D /* ImageEditorVC.swift */ = {isa = PBXFileReference; lastKnownFileType = sourcecode.swift; path = ImageEditorVC.swift; sourceTree = "<group>"; };
		7DD82F7A1F16C259002DC00D /* Base */ = {isa = PBXFileReference; lastKnownFileType = file.storyboard; name = Base; path = Base.lproj/Main.storyboard; sourceTree = "<group>"; };
		7DD82F7D1F16C259002DC00D /* ImageEditor.xcdatamodel */ = {isa = PBXFileReference; lastKnownFileType = wrapper.xcdatamodel; path = ImageEditor.xcdatamodel; sourceTree = "<group>"; };
		7DD82F7F1F16C259002DC00D /* Assets.xcassets */ = {isa = PBXFileReference; lastKnownFileType = folder.assetcatalog; path = Assets.xcassets; sourceTree = "<group>"; };
		7DD82F821F16C259002DC00D /* Base */ = {isa = PBXFileReference; lastKnownFileType = file.storyboard; name = Base; path = Base.lproj/LaunchScreen.storyboard; sourceTree = "<group>"; };
		7DD82F841F16C259002DC00D /* Info.plist */ = {isa = PBXFileReference; lastKnownFileType = text.plist.xml; path = Info.plist; sourceTree = "<group>"; };
		7DD82F891F16C259002DC00D /* ImageEditorTests.xctest */ = {isa = PBXFileReference; explicitFileType = wrapper.cfbundle; includeInIndex = 0; path = ImageEditorTests.xctest; sourceTree = BUILT_PRODUCTS_DIR; };
		7DD82F8D1F16C259002DC00D /* ImageEditorTests.swift */ = {isa = PBXFileReference; lastKnownFileType = sourcecode.swift; path = ImageEditorTests.swift; sourceTree = "<group>"; };
		7DD82F8F1F16C259002DC00D /* Info.plist */ = {isa = PBXFileReference; lastKnownFileType = text.plist.xml; path = Info.plist; sourceTree = "<group>"; };
		7DD82F941F16C259002DC00D /* ImageEditorUITests.xctest */ = {isa = PBXFileReference; explicitFileType = wrapper.cfbundle; includeInIndex = 0; path = ImageEditorUITests.xctest; sourceTree = BUILT_PRODUCTS_DIR; };
		7DD82F981F16C259002DC00D /* ImageEditorUITests.swift */ = {isa = PBXFileReference; lastKnownFileType = sourcecode.swift; path = ImageEditorUITests.swift; sourceTree = "<group>"; };
		7DD82F9A1F16C259002DC00D /* Info.plist */ = {isa = PBXFileReference; lastKnownFileType = text.plist.xml; path = Info.plist; sourceTree = "<group>"; };
/* End PBXFileReference section */

/* Begin PBXFrameworksBuildPhase section */
		7DD82F6F1F16C259002DC00D /* Frameworks */ = {
			isa = PBXFrameworksBuildPhase;
			buildActionMask = 2147483647;
			files = (
			);
			runOnlyForDeploymentPostprocessing = 0;
		};
		7DD82F861F16C259002DC00D /* Frameworks */ = {
			isa = PBXFrameworksBuildPhase;
			buildActionMask = 2147483647;
			files = (
			);
			runOnlyForDeploymentPostprocessing = 0;
		};
		7DD82F911F16C259002DC00D /* Frameworks */ = {
			isa = PBXFrameworksBuildPhase;
			buildActionMask = 2147483647;
			files = (
			);
			runOnlyForDeploymentPostprocessing = 0;
		};
/* End PBXFrameworksBuildPhase section */

/* Begin PBXGroup section */
		7D01ABCF1F1AA5C9005B025A /* SSFilters */ = {
			isa = PBXGroup;
			children = (
				7D01ABD01F1AA5F2005B025A /* SSFilter.swift */,
				7D01ABD41F1AA80A005B025A /* SSBoxBlurFilter.swift */,
				7D01ABD81F1AAFF7005B025A /* SSDiscBlurFilter.swift */,
				7DA02D931F1BD0F90034A7CB /* SSColorClampFilter.swift */,
			);
			path = SSFilters;
			sourceTree = "<group>";
		};
		7DD82F691F16C259002DC00D = {
			isa = PBXGroup;
			children = (
				7DD82F741F16C259002DC00D /* ImageEditor */,
				7DD82F8C1F16C259002DC00D /* ImageEditorTests */,
				7DD82F971F16C259002DC00D /* ImageEditorUITests */,
				7DD82F731F16C259002DC00D /* Products */,
			);
			sourceTree = "<group>";
		};
		7DD82F731F16C259002DC00D /* Products */ = {
			isa = PBXGroup;
			children = (
				7DD82F721F16C259002DC00D /* ImageEditor.app */,
				7DD82F891F16C259002DC00D /* ImageEditorTests.xctest */,
				7DD82F941F16C259002DC00D /* ImageEditorUITests.xctest */,
			);
			name = Products;
			sourceTree = "<group>";
		};
		7DD82F741F16C259002DC00D /* ImageEditor */ = {
			isa = PBXGroup;
			children = (
				7D01ABCF1F1AA5C9005B025A /* SSFilters */,
				7DD82F751F16C259002DC00D /* AppDelegate.swift */,
				7DD82F771F16C259002DC00D /* ImageEditorVC.swift */,
				7DD82F791F16C259002DC00D /* Main.storyboard */,
				7DD82F7F1F16C259002DC00D /* Assets.xcassets */,
				7DD82F811F16C259002DC00D /* LaunchScreen.storyboard */,
				7DD82F841F16C259002DC00D /* Info.plist */,
				7DD82F7C1F16C259002DC00D /* ImageEditor.xcdatamodeld */,
			);
			path = ImageEditor;
			sourceTree = "<group>";
		};
		7DD82F8C1F16C259002DC00D /* ImageEditorTests */ = {
			isa = PBXGroup;
			children = (
				7DD82F8D1F16C259002DC00D /* ImageEditorTests.swift */,
				7DD82F8F1F16C259002DC00D /* Info.plist */,
			);
			path = ImageEditorTests;
			sourceTree = "<group>";
		};
		7DD82F971F16C259002DC00D /* ImageEditorUITests */ = {
			isa = PBXGroup;
			children = (
				7DD82F981F16C259002DC00D /* ImageEditorUITests.swift */,
				7DD82F9A1F16C259002DC00D /* Info.plist */,
			);
			path = ImageEditorUITests;
			sourceTree = "<group>";
		};
/* End PBXGroup section */

/* Begin PBXNativeTarget section */
		7DD82F711F16C259002DC00D /* ImageEditor */ = {
			isa = PBXNativeTarget;
			buildConfigurationList = 7DD82F9D1F16C259002DC00D /* Build configuration list for PBXNativeTarget "ImageEditor" */;
			buildPhases = (
				7DD82F6E1F16C259002DC00D /* Sources */,
				7DD82F6F1F16C259002DC00D /* Frameworks */,
				7DD82F701F16C259002DC00D /* Resources */,
			);
			buildRules = (
			);
			dependencies = (
			);
			name = ImageEditor;
			productName = ImageEditor;
			productReference = 7DD82F721F16C259002DC00D /* ImageEditor.app */;
			productType = "com.apple.product-type.application";
		};
		7DD82F881F16C259002DC00D /* ImageEditorTests */ = {
			isa = PBXNativeTarget;
			buildConfigurationList = 7DD82FA01F16C259002DC00D /* Build configuration list for PBXNativeTarget "ImageEditorTests" */;
			buildPhases = (
				7DD82F851F16C259002DC00D /* Sources */,
				7DD82F861F16C259002DC00D /* Frameworks */,
				7DD82F871F16C259002DC00D /* Resources */,
			);
			buildRules = (
			);
			dependencies = (
				7DD82F8B1F16C259002DC00D /* PBXTargetDependency */,
			);
			name = ImageEditorTests;
			productName = ImageEditorTests;
			productReference = 7DD82F891F16C259002DC00D /* ImageEditorTests.xctest */;
			productType = "com.apple.product-type.bundle.unit-test";
		};
		7DD82F931F16C259002DC00D /* ImageEditorUITests */ = {
			isa = PBXNativeTarget;
			buildConfigurationList = 7DD82FA31F16C259002DC00D /* Build configuration list for PBXNativeTarget "ImageEditorUITests" */;
			buildPhases = (
				7DD82F901F16C259002DC00D /* Sources */,
				7DD82F911F16C259002DC00D /* Frameworks */,
				7DD82F921F16C259002DC00D /* Resources */,
			);
			buildRules = (
			);
			dependencies = (
				7DD82F961F16C259002DC00D /* PBXTargetDependency */,
			);
			name = ImageEditorUITests;
			productName = ImageEditorUITests;
			productReference = 7DD82F941F16C259002DC00D /* ImageEditorUITests.xctest */;
			productType = "com.apple.product-type.bundle.ui-testing";
		};
/* End PBXNativeTarget section */

/* Begin PBXProject section */
		7DD82F6A1F16C259002DC00D /* Project object */ = {
			isa = PBXProject;
			attributes = {
				LastSwiftUpdateCheck = 0900;
				LastUpgradeCheck = 0900;
				ORGANIZATIONNAME = "Sergiy Sobol";
				TargetAttributes = {
					7DD82F711F16C259002DC00D = {
						CreatedOnToolsVersion = 9.0;
					};
					7DD82F881F16C259002DC00D = {
						CreatedOnToolsVersion = 9.0;
						TestTargetID = 7DD82F711F16C259002DC00D;
					};
					7DD82F931F16C259002DC00D = {
						CreatedOnToolsVersion = 9.0;
						TestTargetID = 7DD82F711F16C259002DC00D;
					};
				};
			};
			buildConfigurationList = 7DD82F6D1F16C259002DC00D /* Build configuration list for PBXProject "ImageEditor" */;
			compatibilityVersion = "Xcode 8.0";
			developmentRegion = en;
			hasScannedForEncodings = 0;
			knownRegions = (
				en,
				Base,
			);
			mainGroup = 7DD82F691F16C259002DC00D;
			productRefGroup = 7DD82F731F16C259002DC00D /* Products */;
			projectDirPath = "";
			projectRoot = "";
			targets = (
				7DD82F711F16C259002DC00D /* ImageEditor */,
				7DD82F881F16C259002DC00D /* ImageEditorTests */,
				7DD82F931F16C259002DC00D /* ImageEditorUITests */,
			);
		};
/* End PBXProject section */

/* Begin PBXResourcesBuildPhase section */
		7DD82F701F16C259002DC00D /* Resources */ = {
			isa = PBXResourcesBuildPhase;
			buildActionMask = 2147483647;
			files = (
				7DD82F831F16C259002DC00D /* LaunchScreen.storyboard in Resources */,
				7DD82F801F16C259002DC00D /* Assets.xcassets in Resources */,
				7DD82F7B1F16C259002DC00D /* Main.storyboard in Resources */,
			);
			runOnlyForDeploymentPostprocessing = 0;
		};
		7DD82F871F16C259002DC00D /* Resources */ = {
			isa = PBXResourcesBuildPhase;
			buildActionMask = 2147483647;
			files = (
			);
			runOnlyForDeploymentPostprocessing = 0;
		};
		7DD82F921F16C259002DC00D /* Resources */ = {
			isa = PBXResourcesBuildPhase;
			buildActionMask = 2147483647;
			files = (
			);
			runOnlyForDeploymentPostprocessing = 0;
		};
/* End PBXResourcesBuildPhase section */

/* Begin PBXSourcesBuildPhase section */
		7DD82F6E1F16C259002DC00D /* Sources */ = {
			isa = PBXSourcesBuildPhase;
			buildActionMask = 2147483647;
			files = (
				7DA02D941F1BD1570034A7CB /* SSColorClampFilter.swift in Sources */,
				7DD82F7E1F16C259002DC00D /* ImageEditor.xcdatamodeld in Sources */,
				7D01ABD11F1AA5F2005B025A /* SSFilter.swift in Sources */,
				7DD82F781F16C259002DC00D /* ImageEditorVC.swift in Sources */,
				7D01ABD51F1AA80A005B025A /* SSBoxBlurFilter.swift in Sources */,
				7DD82F761F16C259002DC00D /* AppDelegate.swift in Sources */,
				7D01ABD91F1AB0AB005B025A /* SSDiscBlurFilter.swift in Sources */,
			);
			runOnlyForDeploymentPostprocessing = 0;
		};
		7DD82F851F16C259002DC00D /* Sources */ = {
			isa = PBXSourcesBuildPhase;
			buildActionMask = 2147483647;
			files = (
				7D01ABD61F1AA80A005B025A /* SSBoxBlurFilter.swift in Sources */,
				7D01ABDA1F1AB0AC005B025A /* SSDiscBlurFilter.swift in Sources */,
				7DD82F8E1F16C259002DC00D /* ImageEditorTests.swift in Sources */,
				7DA02D951F1BD15A0034A7CB /* SSColorClampFilter.swift in Sources */,
				7D01ABD21F1AA5F2005B025A /* SSFilter.swift in Sources */,
			);
			runOnlyForDeploymentPostprocessing = 0;
		};
		7DD82F901F16C259002DC00D /* Sources */ = {
			isa = PBXSourcesBuildPhase;
			buildActionMask = 2147483647;
			files = (
				7D01ABD71F1AA80A005B025A /* SSBoxBlurFilter.swift in Sources */,
				7D01ABDB1F1AB0AD005B025A /* SSDiscBlurFilter.swift in Sources */,
				7DD82F991F16C259002DC00D /* ImageEditorUITests.swift in Sources */,
				7DA02D961F1BD15B0034A7CB /* SSColorClampFilter.swift in Sources */,
				7D01ABD31F1AA5F2005B025A /* SSFilter.swift in Sources */,
			);
			runOnlyForDeploymentPostprocessing = 0;
		};
/* End PBXSourcesBuildPhase section */

/* Begin PBXTargetDependency section */
		7DD82F8B1F16C259002DC00D /* PBXTargetDependency */ = {
			isa = PBXTargetDependency;
			target = 7DD82F711F16C259002DC00D /* ImageEditor */;
			targetProxy = 7DD82F8A1F16C259002DC00D /* PBXContainerItemProxy */;
		};
		7DD82F961F16C259002DC00D /* PBXTargetDependency */ = {
			isa = PBXTargetDependency;
			target = 7DD82F711F16C259002DC00D /* ImageEditor */;
			targetProxy = 7DD82F951F16C259002DC00D /* PBXContainerItemProxy */;
		};
/* End PBXTargetDependency section */

/* Begin PBXVariantGroup section */
		7DD82F791F16C259002DC00D /* Main.storyboard */ = {
			isa = PBXVariantGroup;
			children = (
				7DD82F7A1F16C259002DC00D /* Base */,
			);
			name = Main.storyboard;
			sourceTree = "<group>";
		};
		7DD82F811F16C259002DC00D /* LaunchScreen.storyboard */ = {
			isa = PBXVariantGroup;
			children = (
				7DD82F821F16C259002DC00D /* Base */,
			);
			name = LaunchScreen.storyboard;
			sourceTree = "<group>";
		};
/* End PBXVariantGroup section */

/* Begin XCBuildConfiguration section */
		7DD82F9B1F16C259002DC00D /* Debug */ = {
			isa = XCBuildConfiguration;
			buildSettings = {
				ALWAYS_SEARCH_USER_PATHS = NO;
				CLANG_ANALYZER_NONNULL = YES;
				CLANG_ANALYZER_NUMBER_OBJECT_CONVERSION = YES_AGGRESSIVE;
				CLANG_CXX_LANGUAGE_STANDARD = "gnu++14";
				CLANG_CXX_LIBRARY = "libc++";
				CLANG_ENABLE_MODULES = YES;
				CLANG_ENABLE_OBJC_ARC = YES;
				CLANG_WARN_BLOCK_CAPTURE_AUTORELEASING = YES;
				CLANG_WARN_BOOL_CONVERSION = YES;
				CLANG_WARN_COMMA = YES;
				CLANG_WARN_CONSTANT_CONVERSION = YES;
				CLANG_WARN_DIRECT_OBJC_ISA_USAGE = YES_ERROR;
				CLANG_WARN_DOCUMENTATION_COMMENTS = YES;
				CLANG_WARN_EMPTY_BODY = YES;
				CLANG_WARN_ENUM_CONVERSION = YES;
				CLANG_WARN_INFINITE_RECURSION = YES;
				CLANG_WARN_INT_CONVERSION = YES;
				CLANG_WARN_NON_LITERAL_NULL_CONVERSION = YES;
				CLANG_WARN_OBJC_LITERAL_CONVERSION = YES;
				CLANG_WARN_OBJC_ROOT_CLASS = YES_ERROR;
				CLANG_WARN_RANGE_LOOP_ANALYSIS = YES;
				CLANG_WARN_STRICT_PROTOTYPES = YES;
				CLANG_WARN_SUSPICIOUS_MOVE = YES;
				CLANG_WARN_UNGUARDED_AVAILABILITY = YES_AGGRESSIVE;
				CLANG_WARN_UNREACHABLE_CODE = YES;
				CLANG_WARN__DUPLICATE_METHOD_MATCH = YES;
				CODE_SIGN_IDENTITY = "iPhone Developer";
				COPY_PHASE_STRIP = NO;
				DEBUG_INFORMATION_FORMAT = dwarf;
				ENABLE_STRICT_OBJC_MSGSEND = YES;
				ENABLE_TESTABILITY = YES;
				GCC_C_LANGUAGE_STANDARD = gnu11;
				GCC_DYNAMIC_NO_PIC = NO;
				GCC_NO_COMMON_BLOCKS = YES;
				GCC_OPTIMIZATION_LEVEL = 0;
				GCC_PREPROCESSOR_DEFINITIONS = (
					"DEBUG=1",
					"$(inherited)",
				);
				GCC_WARN_64_TO_32_BIT_CONVERSION = YES;
				GCC_WARN_ABOUT_RETURN_TYPE = YES_ERROR;
				GCC_WARN_UNDECLARED_SELECTOR = YES;
				GCC_WARN_UNINITIALIZED_AUTOS = YES_AGGRESSIVE;
				GCC_WARN_UNUSED_FUNCTION = YES;
				GCC_WARN_UNUSED_VARIABLE = YES;
				IPHONEOS_DEPLOYMENT_TARGET = 11.0;
				MTL_ENABLE_DEBUG_INFO = YES;
				ONLY_ACTIVE_ARCH = YES;
				SDKROOT = iphoneos;
				SWIFT_ACTIVE_COMPILATION_CONDITIONS = DEBUG;
				SWIFT_OPTIMIZATION_LEVEL = "-Onone";
			};
			name = Debug;
		};
		7DD82F9C1F16C259002DC00D /* Release */ = {
			isa = XCBuildConfiguration;
			buildSettings = {
				ALWAYS_SEARCH_USER_PATHS = NO;
				CLANG_ANALYZER_NONNULL = YES;
				CLANG_ANALYZER_NUMBER_OBJECT_CONVERSION = YES_AGGRESSIVE;
				CLANG_CXX_LANGUAGE_STANDARD = "gnu++14";
				CLANG_CXX_LIBRARY = "libc++";
				CLANG_ENABLE_MODULES = YES;
				CLANG_ENABLE_OBJC_ARC = YES;
				CLANG_WARN_BLOCK_CAPTURE_AUTORELEASING = YES;
				CLANG_WARN_BOOL_CONVERSION = YES;
				CLANG_WARN_COMMA = YES;
				CLANG_WARN_CONSTANT_CONVERSION = YES;
				CLANG_WARN_DIRECT_OBJC_ISA_USAGE = YES_ERROR;
				CLANG_WARN_DOCUMENTATION_COMMENTS = YES;
				CLANG_WARN_EMPTY_BODY = YES;
				CLANG_WARN_ENUM_CONVERSION = YES;
				CLANG_WARN_INFINITE_RECURSION = YES;
				CLANG_WARN_INT_CONVERSION = YES;
				CLANG_WARN_NON_LITERAL_NULL_CONVERSION = YES;
				CLANG_WARN_OBJC_LITERAL_CONVERSION = YES;
				CLANG_WARN_OBJC_ROOT_CLASS = YES_ERROR;
				CLANG_WARN_RANGE_LOOP_ANALYSIS = YES;
				CLANG_WARN_STRICT_PROTOTYPES = YES;
				CLANG_WARN_SUSPICIOUS_MOVE = YES;
				CLANG_WARN_UNGUARDED_AVAILABILITY = YES_AGGRESSIVE;
				CLANG_WARN_UNREACHABLE_CODE = YES;
				CLANG_WARN__DUPLICATE_METHOD_MATCH = YES;
				CODE_SIGN_IDENTITY = "iPhone Developer";
				COPY_PHASE_STRIP = NO;
				DEBUG_INFORMATION_FORMAT = "dwarf-with-dsym";
				ENABLE_NS_ASSERTIONS = NO;
				ENABLE_STRICT_OBJC_MSGSEND = YES;
				GCC_C_LANGUAGE_STANDARD = gnu11;
				GCC_NO_COMMON_BLOCKS = YES;
				GCC_WARN_64_TO_32_BIT_CONVERSION = YES;
				GCC_WARN_ABOUT_RETURN_TYPE = YES_ERROR;
				GCC_WARN_UNDECLARED_SELECTOR = YES;
				GCC_WARN_UNINITIALIZED_AUTOS = YES_AGGRESSIVE;
				GCC_WARN_UNUSED_FUNCTION = YES;
				GCC_WARN_UNUSED_VARIABLE = YES;
				IPHONEOS_DEPLOYMENT_TARGET = 11.0;
				MTL_ENABLE_DEBUG_INFO = NO;
				SDKROOT = iphoneos;
				SWIFT_OPTIMIZATION_LEVEL = "-Owholemodule";
				VALIDATE_PRODUCT = YES;
			};
			name = Release;
		};
		7DD82F9E1F16C259002DC00D /* Debug */ = {
			isa = XCBuildConfiguration;
			buildSettings = {
				ASSETCATALOG_COMPILER_APPICON_NAME = AppIcon;
				DEVELOPMENT_TEAM = 7KCRS9E6BC;
				INFOPLIST_FILE = ImageEditor/Info.plist;
				LD_RUNPATH_SEARCH_PATHS = "$(inherited) @executable_path/Frameworks";
				PRODUCT_BUNDLE_IDENTIFIER = Sobol.ImageEditor;
				PRODUCT_NAME = "$(TARGET_NAME)";
				SWIFT_VERSION = 4.0;
				TARGETED_DEVICE_FAMILY = "1,2";
			};
			name = Debug;
		};
		7DD82F9F1F16C259002DC00D /* Release */ = {
			isa = XCBuildConfiguration;
			buildSettings = {
				ASSETCATALOG_COMPILER_APPICON_NAME = AppIcon;
				DEVELOPMENT_TEAM = 7KCRS9E6BC;
				INFOPLIST_FILE = ImageEditor/Info.plist;
				LD_RUNPATH_SEARCH_PATHS = "$(inherited) @executable_path/Frameworks";
				PRODUCT_BUNDLE_IDENTIFIER = Sobol.ImageEditor;
				PRODUCT_NAME = "$(TARGET_NAME)";
				SWIFT_VERSION = 4.0;
				TARGETED_DEVICE_FAMILY = "1,2";
			};
			name = Release;
		};
		7DD82FA11F16C259002DC00D /* Debug */ = {
			isa = XCBuildConfiguration;
			buildSettings = {
				ALWAYS_EMBED_SWIFT_STANDARD_LIBRARIES = YES;
				BUNDLE_LOADER = "$(TEST_HOST)";
				DEVELOPMENT_TEAM = 7KCRS9E6BC;
				INFOPLIST_FILE = ImageEditorTests/Info.plist;
				LD_RUNPATH_SEARCH_PATHS = "$(inherited) @executable_path/Frameworks @loader_path/Frameworks";
				PRODUCT_BUNDLE_IDENTIFIER = Sobol.ImageEditorTests;
				PRODUCT_NAME = "$(TARGET_NAME)";
				SWIFT_VERSION = 4.0;
				TARGETED_DEVICE_FAMILY = "1,2";
				TEST_HOST = "$(BUILT_PRODUCTS_DIR)/ImageEditor.app/ImageEditor";
			};
			name = Debug;
		};
		7DD82FA21F16C259002DC00D /* Release */ = {
			isa = XCBuildConfiguration;
			buildSettings = {
				ALWAYS_EMBED_SWIFT_STANDARD_LIBRARIES = YES;
				BUNDLE_LOADER = "$(TEST_HOST)";
				DEVELOPMENT_TEAM = 7KCRS9E6BC;
				INFOPLIST_FILE = ImageEditorTests/Info.plist;
				LD_RUNPATH_SEARCH_PATHS = "$(inherited) @executable_path/Frameworks @loader_path/Frameworks";
				PRODUCT_BUNDLE_IDENTIFIER = Sobol.ImageEditorTests;
				PRODUCT_NAME = "$(TARGET_NAME)";
				SWIFT_VERSION = 4.0;
				TARGETED_DEVICE_FAMILY = "1,2";
				TEST_HOST = "$(BUILT_PRODUCTS_DIR)/ImageEditor.app/ImageEditor";
			};
			name = Release;
		};
		7DD82FA41F16C259002DC00D /* Debug */ = {
			isa = XCBuildConfiguration;
			buildSettings = {
				ALWAYS_EMBED_SWIFT_STANDARD_LIBRARIES = YES;
				DEVELOPMENT_TEAM = 7KCRS9E6BC;
				INFOPLIST_FILE = ImageEditorUITests/Info.plist;
				LD_RUNPATH_SEARCH_PATHS = "$(inherited) @executable_path/Frameworks @loader_path/Frameworks";
				PRODUCT_BUNDLE_IDENTIFIER = Sobol.ImageEditorUITests;
				PRODUCT_NAME = "$(TARGET_NAME)";
				SWIFT_VERSION = 4.0;
				TARGETED_DEVICE_FAMILY = "1,2";
				TEST_TARGET_NAME = ImageEditor;
			};
			name = Debug;
		};
		7DD82FA51F16C259002DC00D /* Release */ = {
			isa = XCBuildConfiguration;
			buildSettings = {
				ALWAYS_EMBED_SWIFT_STANDARD_LIBRARIES = YES;
				DEVELOPMENT_TEAM = 7KCRS9E6BC;
				INFOPLIST_FILE = ImageEditorUITests/Info.plist;
				LD_RUNPATH_SEARCH_PATHS = "$(inherited) @executable_path/Frameworks @loader_path/Frameworks";
				PRODUCT_BUNDLE_IDENTIFIER = Sobol.ImageEditorUITests;
				PRODUCT_NAME = "$(TARGET_NAME)";
				SWIFT_VERSION = 4.0;
				TARGETED_DEVICE_FAMILY = "1,2";
				TEST_TARGET_NAME = ImageEditor;
			};
			name = Release;
		};
/* End XCBuildConfiguration section */

/* Begin XCConfigurationList section */
		7DD82F6D1F16C259002DC00D /* Build configuration list for PBXProject "ImageEditor" */ = {
			isa = XCConfigurationList;
			buildConfigurations = (
				7DD82F9B1F16C259002DC00D /* Debug */,
				7DD82F9C1F16C259002DC00D /* Release */,
			);
			defaultConfigurationIsVisible = 0;
			defaultConfigurationName = Release;
		};
		7DD82F9D1F16C259002DC00D /* Build configuration list for PBXNativeTarget "ImageEditor" */ = {
			isa = XCConfigurationList;
			buildConfigurations = (
				7DD82F9E1F16C259002DC00D /* Debug */,
				7DD82F9F1F16C259002DC00D /* Release */,
			);
			defaultConfigurationIsVisible = 0;
			defaultConfigurationName = Release;
		};
		7DD82FA01F16C259002DC00D /* Build configuration list for PBXNativeTarget "ImageEditorTests" */ = {
			isa = XCConfigurationList;
			buildConfigurations = (
				7DD82FA11F16C259002DC00D /* Debug */,
				7DD82FA21F16C259002DC00D /* Release */,
			);
			defaultConfigurationIsVisible = 0;
			defaultConfigurationName = Release;
		};
		7DD82FA31F16C259002DC00D /* Build configuration list for PBXNativeTarget "ImageEditorUITests" */ = {
			isa = XCConfigurationList;
			buildConfigurations = (
				7DD82FA41F16C259002DC00D /* Debug */,
				7DD82FA51F16C259002DC00D /* Release */,
			);
			defaultConfigurationIsVisible = 0;
			defaultConfigurationName = Release;
		};
/* End XCConfigurationList section */

/* Begin XCVersionGroup section */
		7DD82F7C1F16C259002DC00D /* ImageEditor.xcdatamodeld */ = {
			isa = XCVersionGroup;
			children = (
				7DD82F7D1F16C259002DC00D /* ImageEditor.xcdatamodel */,
			);
			currentVersion = 7DD82F7D1F16C259002DC00D /* ImageEditor.xcdatamodel */;
			path = ImageEditor.xcdatamodeld;
			sourceTree = "<group>";
			versionGroupType = wrapper.xcdatamodel;
		};
/* End XCVersionGroup section */
	};
	rootObject = 7DD82F6A1F16C259002DC00D /* Project object */;
}
